// !$*UTF8*$!
{
	archiveVersion = 1;
	classes = {
	};
	objectVersion = 46;
	objects = {

/* Begin PBXBuildFile section */
		865F522E1D0718400069A7FE /* AppDelegate.swift in Sources */ = {isa = PBXBuildFile; fileRef = 865F522D1D0718400069A7FE /* AppDelegate.swift */; };
		865F52301D0718400069A7FE /* ViewController.swift in Sources */ = {isa = PBXBuildFile; fileRef = 865F522F1D0718400069A7FE /* ViewController.swift */; };
		865F52331D0718400069A7FE /* Main.storyboard in Resources */ = {isa = PBXBuildFile; fileRef = 865F52311D0718400069A7FE /* Main.storyboard */; };
		865F52351D0718400069A7FE /* Assets.xcassets in Resources */ = {isa = PBXBuildFile; fileRef = 865F52341D0718400069A7FE /* Assets.xcassets */; };
		865F52381D0718400069A7FE /* LaunchScreen.storyboard in Resources */ = {isa = PBXBuildFile; fileRef = 865F52361D0718400069A7FE /* LaunchScreen.storyboard */; };
		865F52431D0718400069A7FE /* LicenseAnalyserTests.swift in Sources */ = {isa = PBXBuildFile; fileRef = 865F52421D0718400069A7FE /* LicenseAnalyserTests.swift */; };
/* End PBXBuildFile section */

/* Begin PBXContainerItemProxy section */
		865F523F1D0718400069A7FE /* PBXContainerItemProxy */ = {
			isa = PBXContainerItemProxy;
			containerPortal = 865F52221D0718400069A7FE /* Project object */;
			proxyType = 1;
			remoteGlobalIDString = 865F52291D0718400069A7FE;
			remoteInfo = LicenseAnalyser;
		};
/* End PBXContainerItemProxy section */

/* Begin PBXFileReference section */
		865F522A1D0718400069A7FE /* LicenseAnalyser.app */ = {isa = PBXFileReference; explicitFileType = wrapper.application; includeInIndex = 0; path = LicenseAnalyser.app; sourceTree = BUILT_PRODUCTS_DIR; };
		865F522D1D0718400069A7FE /* AppDelegate.swift */ = {isa = PBXFileReference; lastKnownFileType = sourcecode.swift; path = AppDelegate.swift; sourceTree = "<group>"; };
		865F522F1D0718400069A7FE /* ViewController.swift */ = {isa = PBXFileReference; lastKnownFileType = sourcecode.swift; path = ViewController.swift; sourceTree = "<group>"; };
		865F52321D0718400069A7FE /* Base */ = {isa = PBXFileReference; lastKnownFileType = file.storyboard; name = Base; path = Base.lproj/Main.storyboard; sourceTree = "<group>"; };
		865F52341D0718400069A7FE /* Assets.xcassets */ = {isa = PBXFileReference; lastKnownFileType = folder.assetcatalog; path = Assets.xcassets; sourceTree = "<group>"; };
		865F52371D0718400069A7FE /* Base */ = {isa = PBXFileReference; lastKnownFileType = file.storyboard; name = Base; path = Base.lproj/LaunchScreen.storyboard; sourceTree = "<group>"; };
		865F52391D0718400069A7FE /* Info.plist */ = {isa = PBXFileReference; lastKnownFileType = text.plist.xml; path = Info.plist; sourceTree = "<group>"; };
		865F523E1D0718400069A7FE /* LicenseAnalyserTests.xctest */ = {isa = PBXFileReference; explicitFileType = wrapper.cfbundle; includeInIndex = 0; path = LicenseAnalyserTests.xctest; sourceTree = BUILT_PRODUCTS_DIR; };
		865F52421D0718400069A7FE /* LicenseAnalyserTests.swift */ = {isa = PBXFileReference; lastKnownFileType = sourcecode.swift; path = LicenseAnalyserTests.swift; sourceTree = "<group>"; };
		865F52441D0718400069A7FE /* Info.plist */ = {isa = PBXFileReference; lastKnownFileType = text.plist.xml; path = Info.plist; sourceTree = "<group>"; };
/* End PBXFileReference section */

/* Begin PBXFrameworksBuildPhase section */
		865F52271D0718400069A7FE /* Frameworks */ = {
			isa = PBXFrameworksBuildPhase;
			buildActionMask = 2147483647;
			files = (
			);
			runOnlyForDeploymentPostprocessing = 0;
		};
		865F523B1D0718400069A7FE /* Frameworks */ = {
			isa = PBXFrameworksBuildPhase;
			buildActionMask = 2147483647;
			files = (
			);
			runOnlyForDeploymentPostprocessing = 0;
		};
/* End PBXFrameworksBuildPhase section */

/* Begin PBXGroup section */
		865F52211D0718400069A7FE = {
			isa = PBXGroup;
			children = (
				865F522C1D0718400069A7FE /* LicenseAnalyser */,
				865F52411D0718400069A7FE /* LicenseAnalyserTests */,
				865F522B1D0718400069A7FE /* Products */,
			);
			sourceTree = "<group>";
		};
		865F522B1D0718400069A7FE /* Products */ = {
			isa = PBXGroup;
			children = (
				865F522A1D0718400069A7FE /* LicenseAnalyser.app */,
				865F523E1D0718400069A7FE /* LicenseAnalyserTests.xctest */,
			);
			name = Products;
			sourceTree = "<group>";
		};
		865F522C1D0718400069A7FE /* LicenseAnalyser */ = {
			isa = PBXGroup;
			children = (
				865F524D1D071AA00069A7FE /* API */,
				865F522D1D0718400069A7FE /* AppDelegate.swift */,
				865F522F1D0718400069A7FE /* ViewController.swift */,
				865F52311D0718400069A7FE /* Main.storyboard */,
				865F52341D0718400069A7FE /* Assets.xcassets */,
				865F52361D0718400069A7FE /* LaunchScreen.storyboard */,
				865F52391D0718400069A7FE /* Info.plist */,
			);
			path = LicenseAnalyser;
			sourceTree = "<group>";
		};
		865F52411D0718400069A7FE /* LicenseAnalyserTests */ = {
			isa = PBXGroup;
			children = (
				865F52421D0718400069A7FE /* LicenseAnalyserTests.swift */,
				865F52441D0718400069A7FE /* Info.plist */,
			);
			path = LicenseAnalyserTests;
			sourceTree = "<group>";
		};
		865F524D1D071AA00069A7FE /* API */ = {
			isa = PBXGroup;
			children = (
			);
			name = API;
			sourceTree = "<group>";
		};
/* End PBXGroup section */

/* Begin PBXNativeTarget section */
		865F52291D0718400069A7FE /* LicenseAnalyser */ = {
			isa = PBXNativeTarget;
			buildConfigurationList = 865F52471D0718400069A7FE /* Build configuration list for PBXNativeTarget "LicenseAnalyser" */;
			buildPhases = (
				865F52261D0718400069A7FE /* Sources */,
				865F52271D0718400069A7FE /* Frameworks */,
				865F52281D0718400069A7FE /* Resources */,
			);
			buildRules = (
			);
			dependencies = (
			);
			name = LicenseAnalyser;
			productName = LicenseAnalyser;
			productReference = 865F522A1D0718400069A7FE /* LicenseAnalyser.app */;
			productType = "com.apple.product-type.application";
		};
		865F523D1D0718400069A7FE /* LicenseAnalyserTests */ = {
			isa = PBXNativeTarget;
			buildConfigurationList = 865F524A1D0718400069A7FE /* Build configuration list for PBXNativeTarget "LicenseAnalyserTests" */;
			buildPhases = (
				865F523A1D0718400069A7FE /* Sources */,
				865F523B1D0718400069A7FE /* Frameworks */,
				865F523C1D0718400069A7FE /* Resources */,
			);
			buildRules = (
			);
			dependencies = (
				865F52401D0718400069A7FE /* PBXTargetDependency */,
			);
			name = LicenseAnalyserTests;
			productName = LicenseAnalyserTests;
			productReference = 865F523E1D0718400069A7FE /* LicenseAnalyserTests.xctest */;
			productType = "com.apple.product-type.bundle.unit-test";
		};
/* End PBXNativeTarget section */

/* Begin PBXProject section */
		865F52221D0718400069A7FE /* Project object */ = {
			isa = PBXProject;
			attributes = {
				LastSwiftUpdateCheck = 0730;
				LastUpgradeCheck = 0730;
				ORGANIZATIONNAME = "Dylan Trachsel";
				TargetAttributes = {
					865F52291D0718400069A7FE = {
						CreatedOnToolsVersion = 7.3.1;
					};
					865F523D1D0718400069A7FE = {
						CreatedOnToolsVersion = 7.3.1;
						TestTargetID = 865F52291D0718400069A7FE;
					};
				};
			};
			buildConfigurationList = 865F52251D0718400069A7FE /* Build configuration list for PBXProject "LicenseAnalyser" */;
			compatibilityVersion = "Xcode 3.2";
			developmentRegion = English;
			hasScannedForEncodings = 0;
			knownRegions = (
				en,
				Base,
			);
			mainGroup = 865F52211D0718400069A7FE;
			productRefGroup = 865F522B1D0718400069A7FE /* Products */;
			projectDirPath = "";
			projectRoot = "";
			targets = (
				865F52291D0718400069A7FE /* LicenseAnalyser */,
				865F523D1D0718400069A7FE /* LicenseAnalyserTests */,
			);
		};
/* End PBXProject section */

/* Begin PBXResourcesBuildPhase section */
		865F52281D0718400069A7FE /* Resources */ = {
			isa = PBXResourcesBuildPhase;
			buildActionMask = 2147483647;
			files = (
				865F52381D0718400069A7FE /* LaunchScreen.storyboard in Resources */,
				865F52351D0718400069A7FE /* Assets.xcassets in Resources */,
				865F52331D0718400069A7FE /* Main.storyboard in Resources */,
			);
			runOnlyForDeploymentPostprocessing = 0;
		};
		865F523C1D0718400069A7FE /* Resources */ = {
			isa = PBXResourcesBuildPhase;
			buildActionMask = 2147483647;
			files = (
			);
			runOnlyForDeploymentPostprocessing = 0;
		};
/* End PBXResourcesBuildPhase section */

/* Begin PBXSourcesBuildPhase section */
		865F52261D0718400069A7FE /* Sources */ = {
			isa = PBXSourcesBuildPhase;
			buildActionMask = 2147483647;
			files = (
				865F52301D0718400069A7FE /* ViewController.swift in Sources */,
				865F522E1D0718400069A7FE /* AppDelegate.swift in Sources */,
			);
			runOnlyForDeploymentPostprocessing = 0;
		};
		865F523A1D0718400069A7FE /* Sources */ = {
			isa = PBXSourcesBuildPhase;
			buildActionMask = 2147483647;
			files = (
				865F52431D0718400069A7FE /* LicenseAnalyserTests.swift in Sources */,
			);
			runOnlyForDeploymentPostprocessing = 0;
		};
/* End PBXSourcesBuildPhase section */

/* Begin PBXTargetDependency section */
		865F52401D0718400069A7FE /* PBXTargetDependency */ = {
			isa = PBXTargetDependency;
			target = 865F52291D0718400069A7FE /* LicenseAnalyser */;
			targetProxy = 865F523F1D0718400069A7FE /* PBXContainerItemProxy */;
		};
/* End PBXTargetDependency section */

/* Begin PBXVariantGroup section */
		865F52311D0718400069A7FE /* Main.storyboard */ = {
			isa = PBXVariantGroup;
			children = (
				865F52321D0718400069A7FE /* Base */,
			);
			name = Main.storyboard;
			sourceTree = "<group>";
		};
		865F52361D0718400069A7FE /* LaunchScreen.storyboard */ = {
			isa = PBXVariantGroup;
			children = (
				865F52371D0718400069A7FE /* Base */,
			);
			name = LaunchScreen.storyboard;
			sourceTree = "<group>";
		};
/* End PBXVariantGroup section */

/* Begin XCBuildConfiguration section */
		865F52451D0718400069A7FE /* Debug */ = {
			isa = XCBuildConfiguration;
			buildSettings = {
				ALWAYS_SEARCH_USER_PATHS = NO;
				CLANG_ANALYZER_NONNULL = YES;
				CLANG_CXX_LANGUAGE_STANDARD = "gnu++0x";
				CLANG_CXX_LIBRARY = "libc++";
				CLANG_ENABLE_MODULES = YES;
				CLANG_ENABLE_OBJC_ARC = YES;
				CLANG_WARN_BOOL_CONVERSION = YES;
				CLANG_WARN_CONSTANT_CONVERSION = YES;
				CLANG_WARN_DIRECT_OBJC_ISA_USAGE = YES_ERROR;
				CLANG_WARN_EMPTY_BODY = YES;
				CLANG_WARN_ENUM_CONVERSION = YES;
				CLANG_WARN_INT_CONVERSION = YES;
				CLANG_WARN_OBJC_ROOT_CLASS = YES_ERROR;
				CLANG_WARN_UNREACHABLE_CODE = YES;
				CLANG_WARN__DUPLICATE_METHOD_MATCH = YES;
				"CODE_SIGN_IDENTITY[sdk=iphoneos*]" = "iPhone Developer";
				COPY_PHASE_STRIP = NO;
				DEBUG_INFORMATION_FORMAT = dwarf;
				ENABLE_STRICT_OBJC_MSGSEND = YES;
				ENABLE_TESTABILITY = YES;
				GCC_C_LANGUAGE_STANDARD = gnu99;
				GCC_DYNAMIC_NO_PIC = NO;
				GCC_NO_COMMON_BLOCKS = YES;
				GCC_OPTIMIZATION_LEVEL = 0;
				GCC_PREPROCESSOR_DEFINITIONS = (
					"DEBUG=1",
					"$(inherited)",
				);
				GCC_WARN_64_TO_32_BIT_CONVERSION = YES;
				GCC_WARN_ABOUT_RETURN_TYPE = YES_ERROR;
				GCC_WARN_UNDECLARED_SELECTOR = YES;
				GCC_WARN_UNINITIALIZED_AUTOS = YES_AGGRESSIVE;
				GCC_WARN_UNUSED_FUNCTION = YES;
				GCC_WARN_UNUSED_VARIABLE = YES;
				IPHONEOS_DEPLOYMENT_TARGET = 9.3;
				MTL_ENABLE_DEBUG_INFO = YES;
				ONLY_ACTIVE_ARCH = YES;
				SDKROOT = iphoneos;
				SWIFT_OPTIMIZATION_LEVEL = "-Onone";
				TARGETED_DEVICE_FAMILY = "1,2";
			};
			name = Debug;
		};
		865F52461D0718400069A7FE /* Release */ = {
			isa = XCBuildConfiguration;
			buildSettings = {
				ALWAYS_SEARCH_USER_PATHS = NO;
				CLANG_ANALYZER_NONNULL = YES;
				CLANG_CXX_LANGUAGE_STANDARD = "gnu++0x";
				CLANG_CXX_LIBRARY = "libc++";
				CLANG_ENABLE_MODULES = YES;
				CLANG_ENABLE_OBJC_ARC = YES;
				CLANG_WARN_BOOL_CONVERSION = YES;
				CLANG_WARN_CONSTANT_CONVERSION = YES;
				CLANG_WARN_DIRECT_OBJC_ISA_USAGE = YES_ERROR;
				CLANG_WARN_EMPTY_BODY = YES;
				CLANG_WARN_ENUM_CONVERSION = YES;
				CLANG_WARN_INT_CONVERSION = YES;
				CLANG_WARN_OBJC_ROOT_CLASS = YES_ERROR;
				CLANG_WARN_UNREACHABLE_CODE = YES;
				CLANG_WARN__DUPLICATE_METHOD_MATCH = YES;
				"CODE_SIGN_IDENTITY[sdk=iphoneos*]" = "iPhone Developer";
				COPY_PHASE_STRIP = NO;
				DEBUG_INFORMATION_FORMAT = "dwarf-with-dsym";
				ENABLE_NS_ASSERTIONS = NO;
				ENABLE_STRICT_OBJC_MSGSEND = YES;
				GCC_C_LANGUAGE_STANDARD = gnu99;
				GCC_NO_COMMON_BLOCKS = YES;
				GCC_WARN_64_TO_32_BIT_CONVERSION = YES;
				GCC_WARN_ABOUT_RETURN_TYPE = YES_ERROR;
				GCC_WARN_UNDECLARED_SELECTOR = YES;
				GCC_WARN_UNINITIALIZED_AUTOS = YES_AGGRESSIVE;
				GCC_WARN_UNUSED_FUNCTION = YES;
				GCC_WARN_UNUSED_VARIABLE = YES;
				IPHONEOS_DEPLOYMENT_TARGET = 9.3;
				MTL_ENABLE_DEBUG_INFO = NO;
				SDKROOT = iphoneos;
				TARGETED_DEVICE_FAMILY = "1,2";
				VALIDATE_PRODUCT = YES;
			};
			name = Release;
		};
		865F52481D0718400069A7FE /* Debug */ = {
			isa = XCBuildConfiguration;
			buildSettings = {
				ASSETCATALOG_COMPILER_APPICON_NAME = AppIcon;
				INFOPLIST_FILE = LicenseAnalyser/Info.plist;
				LD_RUNPATH_SEARCH_PATHS = "$(inherited) @executable_path/Frameworks";
				PRODUCT_BUNDLE_IDENTIFIER = com.example.LicenseAnalyser;
				PRODUCT_NAME = "$(TARGET_NAME)";
			};
			name = Debug;
		};
		865F52491D0718400069A7FE /* Release */ = {
			isa = XCBuildConfiguration;
			buildSettings = {
				ASSETCATALOG_COMPILER_APPICON_NAME = AppIcon;
				INFOPLIST_FILE = LicenseAnalyser/Info.plist;
				LD_RUNPATH_SEARCH_PATHS = "$(inherited) @executable_path/Frameworks";
				PRODUCT_BUNDLE_IDENTIFIER = com.example.LicenseAnalyser;
				PRODUCT_NAME = "$(TARGET_NAME)";
			};
			name = Release;
		};
		865F524B1D0718400069A7FE /* Debug */ = {
			isa = XCBuildConfiguration;
			buildSettings = {
				BUNDLE_LOADER = "$(TEST_HOST)";
				INFOPLIST_FILE = LicenseAnalyserTests/Info.plist;
				LD_RUNPATH_SEARCH_PATHS = "$(inherited) @executable_path/Frameworks @loader_path/Frameworks";
				PRODUCT_BUNDLE_IDENTIFIER = com.example.LicenseAnalyserTests;
				PRODUCT_NAME = "$(TARGET_NAME)";
				TEST_HOST = "$(BUILT_PRODUCTS_DIR)/LicenseAnalyser.app/LicenseAnalyser";
			};
			name = Debug;
		};
		865F524C1D0718400069A7FE /* Release */ = {
			isa = XCBuildConfiguration;
			buildSettings = {
				BUNDLE_LOADER = "$(TEST_HOST)";
				INFOPLIST_FILE = LicenseAnalyserTests/Info.plist;
				LD_RUNPATH_SEARCH_PATHS = "$(inherited) @executable_path/Frameworks @loader_path/Frameworks";
				PRODUCT_BUNDLE_IDENTIFIER = com.example.LicenseAnalyserTests;
				PRODUCT_NAME = "$(TARGET_NAME)";
				TEST_HOST = "$(BUILT_PRODUCTS_DIR)/LicenseAnalyser.app/LicenseAnalyser";
			};
			name = Release;
		};
/* End XCBuildConfiguration section */

/* Begin XCConfigurationList section */
		865F52251D0718400069A7FE /* Build configuration list for PBXProject "LicenseAnalyser" */ = {
			isa = XCConfigurationList;
			buildConfigurations = (
				865F52451D0718400069A7FE /* Debug */,
				865F52461D0718400069A7FE /* Release */,
			);
			defaultConfigurationIsVisible = 0;
			defaultConfigurationName = Release;
		};
		865F52471D0718400069A7FE /* Build configuration list for PBXNativeTarget "LicenseAnalyser" */ = {
			isa = XCConfigurationList;
			buildConfigurations = (
				865F52481D0718400069A7FE /* Debug */,
				865F52491D0718400069A7FE /* Release */,
			);
			defaultConfigurationIsVisible = 0;
		};
		865F524A1D0718400069A7FE /* Build configuration list for PBXNativeTarget "LicenseAnalyserTests" */ = {
			isa = XCConfigurationList;
			buildConfigurations = (
				865F524B1D0718400069A7FE /* Debug */,
				865F524C1D0718400069A7FE /* Release */,
			);
			defaultConfigurationIsVisible = 0;
		};
/* End XCConfigurationList section */
	};
	rootObject = 865F52221D0718400069A7FE /* Project object */;
}
