// !$*UTF8*$!
{
	archiveVersion = 1;
	classes = {
	};
	objectVersion = 46;
	objects = {

/* Begin PBXBuildFile section */
		1B2AB35E1D0AF5BC00F74BD5 /* FrontBackViewController.swift in Sources */ = {isa = PBXBuildFile; fileRef = 1B2AB35D1D0AF5BC00F74BD5 /* FrontBackViewController.swift */; };
		1B2AB3601D0AF5D800F74BD5 /* TabbedSecondViewController.swift in Sources */ = {isa = PBXBuildFile; fileRef = 1B2AB35F1D0AF5D800F74BD5 /* TabbedSecondViewController.swift */; };
		1B2AB36C1D0B4F6100F74BD5 /* TutorialPageViewController.swift in Sources */ = {isa = PBXBuildFile; fileRef = 1B2AB36B1D0B4F6100F74BD5 /* TutorialPageViewController.swift */; };
		1BECEBED1D0894D600B80DF8 /* MicroBlink.bundle in Resources */ = {isa = PBXBuildFile; fileRef = 1BECEBEC1D0894D600B80DF8 /* MicroBlink.bundle */; };
		1BECEBF11D08950B00B80DF8 /* MicroBlink.framework in Frameworks */ = {isa = PBXBuildFile; fileRef = 1BECEBF01D08950B00B80DF8 /* MicroBlink.framework */; };
		1BECEBFD1D09C37400B80DF8 /* Lato-Black.ttf in Resources */ = {isa = PBXBuildFile; fileRef = 1BECEBF31D09C2D600B80DF8 /* Lato-Black.ttf */; };
		1BECEBFE1D09C37400B80DF8 /* Lato-BlackItalic.ttf in Resources */ = {isa = PBXBuildFile; fileRef = 1BECEBF41D09C2DD00B80DF8 /* Lato-BlackItalic.ttf */; };
		1BECEBFF1D09C37400B80DF8 /* Lato-Bold.ttf in Resources */ = {isa = PBXBuildFile; fileRef = 1BECEBF51D09C2E200B80DF8 /* Lato-Bold.ttf */; };
		1BECEC001D09C37400B80DF8 /* Lato-BoldItalic.ttf in Resources */ = {isa = PBXBuildFile; fileRef = 1BECEBF61D09C2E800B80DF8 /* Lato-BoldItalic.ttf */; };
		1BECEC011D09C37400B80DF8 /* Lato-Hairline.ttf in Resources */ = {isa = PBXBuildFile; fileRef = 1BECEBF71D09C2EF00B80DF8 /* Lato-Hairline.ttf */; };
		1BECEC021D09C37400B80DF8 /* Lato-HairlineItalic.ttf in Resources */ = {isa = PBXBuildFile; fileRef = 1BECEBF81D09C2F600B80DF8 /* Lato-HairlineItalic.ttf */; };
		1BECEC031D09C37400B80DF8 /* Lato-Italic.ttf in Resources */ = {isa = PBXBuildFile; fileRef = 1BECEBF91D09C2FB00B80DF8 /* Lato-Italic.ttf */; };
		1BECEC041D09C37400B80DF8 /* Lato-Light.ttf in Resources */ = {isa = PBXBuildFile; fileRef = 1BECEBFA1D09C30000B80DF8 /* Lato-Light.ttf */; };
		1BECEC051D09C37400B80DF8 /* Lato-LightItalic.ttf in Resources */ = {isa = PBXBuildFile; fileRef = 1BECEBFB1D09C30500B80DF8 /* Lato-LightItalic.ttf */; };
		1BECEC061D09C37400B80DF8 /* Lato-Regular.ttf in Resources */ = {isa = PBXBuildFile; fileRef = 1BECEBFC1D09C30A00B80DF8 /* Lato-Regular.ttf */; };
		1BECEC081D09F3FB00B80DF8 /* CircularLoaderView.swift in Sources */ = {isa = PBXBuildFile; fileRef = 1BECEC071D09F3FB00B80DF8 /* CircularLoaderView.swift */; };
		1BECEC0E1D09FA4300B80DF8 /* ConfidenceLevelViewController.swift in Sources */ = {isa = PBXBuildFile; fileRef = 1BECEC0D1D09FA4300B80DF8 /* ConfidenceLevelViewController.swift */; };
		1BECEC101D09FA6F00B80DF8 /* TabbedViewController.swift in Sources */ = {isa = PBXBuildFile; fileRef = 1BECEC0F1D09FA6F00B80DF8 /* TabbedViewController.swift */; };
		865F522E1D0718400069A7FE /* AppDelegate.swift in Sources */ = {isa = PBXBuildFile; fileRef = 865F522D1D0718400069A7FE /* AppDelegate.swift */; };
		865F52301D0718400069A7FE /* ViewController.swift in Sources */ = {isa = PBXBuildFile; fileRef = 865F522F1D0718400069A7FE /* ViewController.swift */; };
		865F52331D0718400069A7FE /* Main.storyboard in Resources */ = {isa = PBXBuildFile; fileRef = 865F52311D0718400069A7FE /* Main.storyboard */; };
		865F52351D0718400069A7FE /* Assets.xcassets in Resources */ = {isa = PBXBuildFile; fileRef = 865F52341D0718400069A7FE /* Assets.xcassets */; };
		865F52381D0718400069A7FE /* LaunchScreen.storyboard in Resources */ = {isa = PBXBuildFile; fileRef = 865F52361D0718400069A7FE /* LaunchScreen.storyboard */; };
		865F52431D0718400069A7FE /* LicenseAnalyserTests.swift in Sources */ = {isa = PBXBuildFile; fileRef = 865F52421D0718400069A7FE /* LicenseAnalyserTests.swift */; };
		865F524F1D0732760069A7FE /* SoapInterface.swift in Sources */ = {isa = PBXBuildFile; fileRef = 865F524E1D0732760069A7FE /* SoapInterface.swift */; };
		86A01A021D0A16D300D3C3FA /* TrueIDMobileSDK.framework in Frameworks */ = {isa = PBXBuildFile; fileRef = 86A01A011D0A16D300D3C3FA /* TrueIDMobileSDK.framework */; };
		86A01A031D0A171500D3C3FA /* TrueIDMobileSDK.framework in Frameworks */ = {isa = PBXBuildFile; fileRef = 86A01A011D0A16D300D3C3FA /* TrueIDMobileSDK.framework */; };
		86A01A041D0A171500D3C3FA /* TrueIDMobileSDK.framework in Embed Frameworks */ = {isa = PBXBuildFile; fileRef = 86A01A011D0A16D300D3C3FA /* TrueIDMobileSDK.framework */; settings = {ATTRIBUTES = (CodeSignOnCopy, RemoveHeadersOnCopy, ); }; };
		86A01A0B1D0AFB5900D3C3FA /* libc++.tbd in Frameworks */ = {isa = PBXBuildFile; fileRef = 86A01A0A1D0AFB5900D3C3FA /* libc++.tbd */; };
		86A01A0D1D0AFBFA00D3C3FA /* libiconv.tbd in Frameworks */ = {isa = PBXBuildFile; fileRef = 86A01A0C1D0AFBFA00D3C3FA /* libiconv.tbd */; };
		86A01A0F1D0AFC0300D3C3FA /* Accelerate.framework in Frameworks */ = {isa = PBXBuildFile; fileRef = 86A01A0E1D0AFC0300D3C3FA /* Accelerate.framework */; };
		86A01A111D0AFC0D00D3C3FA /* AVFoundation.framework in Frameworks */ = {isa = PBXBuildFile; fileRef = 86A01A101D0AFC0D00D3C3FA /* AVFoundation.framework */; };
		86A01A131D0AFC1600D3C3FA /* AudioToolbox.framework in Frameworks */ = {isa = PBXBuildFile; fileRef = 86A01A121D0AFC1600D3C3FA /* AudioToolbox.framework */; };
		86A01A151D0AFC1E00D3C3FA /* CoreMedia.framework in Frameworks */ = {isa = PBXBuildFile; fileRef = 86A01A141D0AFC1E00D3C3FA /* CoreMedia.framework */; };
		86A1563E1D09E5D800D5FAF6 /* PhotoDisplayController.swift in Sources */ = {isa = PBXBuildFile; fileRef = 86A1563D1D09E5D800D5FAF6 /* PhotoDisplayController.swift */; };
		86B8A8FF1D0878DA00B6CF19 /* UserLicense.swift in Sources */ = {isa = PBXBuildFile; fileRef = 86B8A8FE1D0878DA00B6CF19 /* UserLicense.swift */; };
/* End PBXBuildFile section */

/* Begin PBXContainerItemProxy section */
		865F523F1D0718400069A7FE /* PBXContainerItemProxy */ = {
			isa = PBXContainerItemProxy;
			containerPortal = 865F52221D0718400069A7FE /* Project object */;
			proxyType = 1;
			remoteGlobalIDString = 865F52291D0718400069A7FE;
			remoteInfo = LicenseAnalyser;
		};
/* End PBXContainerItemProxy section */

/* Begin PBXCopyFilesBuildPhase section */
		86A01A051D0A171500D3C3FA /* Embed Frameworks */ = {
			isa = PBXCopyFilesBuildPhase;
			buildActionMask = 2147483647;
			dstPath = "";
			dstSubfolderSpec = 10;
			files = (
				86A01A041D0A171500D3C3FA /* TrueIDMobileSDK.framework in Embed Frameworks */,
			);
			name = "Embed Frameworks";
			runOnlyForDeploymentPostprocessing = 0;
		};
/* End PBXCopyFilesBuildPhase section */

/* Begin PBXFileReference section */
		1B2AB35D1D0AF5BC00F74BD5 /* FrontBackViewController.swift */ = {isa = PBXFileReference; fileEncoding = 4; lastKnownFileType = sourcecode.swift; path = FrontBackViewController.swift; sourceTree = "<group>"; };
		1B2AB35F1D0AF5D800F74BD5 /* TabbedSecondViewController.swift */ = {isa = PBXFileReference; fileEncoding = 4; lastKnownFileType = sourcecode.swift; path = TabbedSecondViewController.swift; sourceTree = "<group>"; };
		1B2AB36B1D0B4F6100F74BD5 /* TutorialPageViewController.swift */ = {isa = PBXFileReference; fileEncoding = 4; lastKnownFileType = sourcecode.swift; path = TutorialPageViewController.swift; sourceTree = "<group>"; };
		1BECEBEC1D0894D600B80DF8 /* MicroBlink.bundle */ = {isa = PBXFileReference; lastKnownFileType = "wrapper.plug-in"; path = MicroBlink.bundle; sourceTree = "<group>"; };
		1BECEBF01D08950B00B80DF8 /* MicroBlink.framework */ = {isa = PBXFileReference; lastKnownFileType = wrapper.framework; path = MicroBlink.framework; sourceTree = "<group>"; };
		1BECEBF31D09C2D600B80DF8 /* Lato-Black.ttf */ = {isa = PBXFileReference; lastKnownFileType = file; name = "Lato-Black.ttf"; path = "../../../Lato/Lato-Black.ttf"; sourceTree = "<group>"; };
		1BECEBF41D09C2DD00B80DF8 /* Lato-BlackItalic.ttf */ = {isa = PBXFileReference; lastKnownFileType = file; name = "Lato-BlackItalic.ttf"; path = "../../../Lato/Lato-BlackItalic.ttf"; sourceTree = "<group>"; };
		1BECEBF51D09C2E200B80DF8 /* Lato-Bold.ttf */ = {isa = PBXFileReference; lastKnownFileType = file; name = "Lato-Bold.ttf"; path = "../../../Lato/Lato-Bold.ttf"; sourceTree = "<group>"; };
		1BECEBF61D09C2E800B80DF8 /* Lato-BoldItalic.ttf */ = {isa = PBXFileReference; lastKnownFileType = file; name = "Lato-BoldItalic.ttf"; path = "../../../Lato/Lato-BoldItalic.ttf"; sourceTree = "<group>"; };
		1BECEBF71D09C2EF00B80DF8 /* Lato-Hairline.ttf */ = {isa = PBXFileReference; lastKnownFileType = file; name = "Lato-Hairline.ttf"; path = "../../../Lato/Lato-Hairline.ttf"; sourceTree = "<group>"; };
		1BECEBF81D09C2F600B80DF8 /* Lato-HairlineItalic.ttf */ = {isa = PBXFileReference; lastKnownFileType = file; name = "Lato-HairlineItalic.ttf"; path = "../../../Lato/Lato-HairlineItalic.ttf"; sourceTree = "<group>"; };
		1BECEBF91D09C2FB00B80DF8 /* Lato-Italic.ttf */ = {isa = PBXFileReference; lastKnownFileType = file; name = "Lato-Italic.ttf"; path = "../../../Lato/Lato-Italic.ttf"; sourceTree = "<group>"; };
		1BECEBFA1D09C30000B80DF8 /* Lato-Light.ttf */ = {isa = PBXFileReference; lastKnownFileType = file; name = "Lato-Light.ttf"; path = "../../../Lato/Lato-Light.ttf"; sourceTree = "<group>"; };
		1BECEBFB1D09C30500B80DF8 /* Lato-LightItalic.ttf */ = {isa = PBXFileReference; lastKnownFileType = file; name = "Lato-LightItalic.ttf"; path = "../../../Lato/Lato-LightItalic.ttf"; sourceTree = "<group>"; };
		1BECEBFC1D09C30A00B80DF8 /* Lato-Regular.ttf */ = {isa = PBXFileReference; lastKnownFileType = file; name = "Lato-Regular.ttf"; path = "../../../Lato/Lato-Regular.ttf"; sourceTree = "<group>"; };
		1BECEC071D09F3FB00B80DF8 /* CircularLoaderView.swift */ = {isa = PBXFileReference; fileEncoding = 4; lastKnownFileType = sourcecode.swift; path = CircularLoaderView.swift; sourceTree = "<group>"; };
		1BECEC0D1D09FA4300B80DF8 /* ConfidenceLevelViewController.swift */ = {isa = PBXFileReference; fileEncoding = 4; lastKnownFileType = sourcecode.swift; path = ConfidenceLevelViewController.swift; sourceTree = "<group>"; };
		1BECEC0F1D09FA6F00B80DF8 /* TabbedViewController.swift */ = {isa = PBXFileReference; fileEncoding = 4; lastKnownFileType = sourcecode.swift; path = TabbedViewController.swift; sourceTree = "<group>"; };
		865F522A1D0718400069A7FE /* LicenseAnalyser.app */ = {isa = PBXFileReference; explicitFileType = wrapper.application; includeInIndex = 0; path = LicenseAnalyser.app; sourceTree = BUILT_PRODUCTS_DIR; };
		865F522D1D0718400069A7FE /* AppDelegate.swift */ = {isa = PBXFileReference; lastKnownFileType = sourcecode.swift; path = AppDelegate.swift; sourceTree = "<group>"; };
		865F522F1D0718400069A7FE /* ViewController.swift */ = {isa = PBXFileReference; lastKnownFileType = sourcecode.swift; path = ViewController.swift; sourceTree = "<group>"; };
		865F52321D0718400069A7FE /* Base */ = {isa = PBXFileReference; lastKnownFileType = file.storyboard; name = Base; path = Base.lproj/Main.storyboard; sourceTree = "<group>"; };
		865F52341D0718400069A7FE /* Assets.xcassets */ = {isa = PBXFileReference; lastKnownFileType = folder.assetcatalog; path = Assets.xcassets; sourceTree = "<group>"; };
		865F52371D0718400069A7FE /* Base */ = {isa = PBXFileReference; lastKnownFileType = file.storyboard; name = Base; path = Base.lproj/LaunchScreen.storyboard; sourceTree = "<group>"; };
		865F52391D0718400069A7FE /* Info.plist */ = {isa = PBXFileReference; lastKnownFileType = text.plist.xml; path = Info.plist; sourceTree = "<group>"; };
		865F523E1D0718400069A7FE /* LicenseAnalyserTests.xctest */ = {isa = PBXFileReference; explicitFileType = wrapper.cfbundle; includeInIndex = 0; path = LicenseAnalyserTests.xctest; sourceTree = BUILT_PRODUCTS_DIR; };
		865F52421D0718400069A7FE /* LicenseAnalyserTests.swift */ = {isa = PBXFileReference; lastKnownFileType = sourcecode.swift; path = LicenseAnalyserTests.swift; sourceTree = "<group>"; };
		865F52441D0718400069A7FE /* Info.plist */ = {isa = PBXFileReference; lastKnownFileType = text.plist.xml; path = Info.plist; sourceTree = "<group>"; };
		865F524E1D0732760069A7FE /* SoapInterface.swift */ = {isa = PBXFileReference; fileEncoding = 4; lastKnownFileType = sourcecode.swift; path = SoapInterface.swift; sourceTree = "<group>"; };
		86A019FC1D0A137900D3C3FA /* LicenseAnalyser-Bridging-Header.h */ = {isa = PBXFileReference; lastKnownFileType = sourcecode.c.h; path = "LicenseAnalyser-Bridging-Header.h"; sourceTree = "<group>"; };
		86A01A011D0A16D300D3C3FA /* TrueIDMobileSDK.framework */ = {isa = PBXFileReference; lastKnownFileType = wrapper.framework; path = TrueIDMobileSDK.framework; sourceTree = "<group>"; };
		86A01A0A1D0AFB5900D3C3FA /* libc++.tbd */ = {isa = PBXFileReference; lastKnownFileType = "sourcecode.text-based-dylib-definition"; name = "libc++.tbd"; path = "usr/lib/libc++.tbd"; sourceTree = SDKROOT; };
		86A01A0C1D0AFBFA00D3C3FA /* libiconv.tbd */ = {isa = PBXFileReference; lastKnownFileType = "sourcecode.text-based-dylib-definition"; name = libiconv.tbd; path = usr/lib/libiconv.tbd; sourceTree = SDKROOT; };
		86A01A0E1D0AFC0300D3C3FA /* Accelerate.framework */ = {isa = PBXFileReference; lastKnownFileType = wrapper.framework; name = Accelerate.framework; path = System/Library/Frameworks/Accelerate.framework; sourceTree = SDKROOT; };
		86A01A101D0AFC0D00D3C3FA /* AVFoundation.framework */ = {isa = PBXFileReference; lastKnownFileType = wrapper.framework; name = AVFoundation.framework; path = System/Library/Frameworks/AVFoundation.framework; sourceTree = SDKROOT; };
		86A01A121D0AFC1600D3C3FA /* AudioToolbox.framework */ = {isa = PBXFileReference; lastKnownFileType = wrapper.framework; name = AudioToolbox.framework; path = System/Library/Frameworks/AudioToolbox.framework; sourceTree = SDKROOT; };
		86A01A141D0AFC1E00D3C3FA /* CoreMedia.framework */ = {isa = PBXFileReference; lastKnownFileType = wrapper.framework; name = CoreMedia.framework; path = System/Library/Frameworks/CoreMedia.framework; sourceTree = SDKROOT; };
		86A1563D1D09E5D800D5FAF6 /* PhotoDisplayController.swift */ = {isa = PBXFileReference; fileEncoding = 4; lastKnownFileType = sourcecode.swift; path = PhotoDisplayController.swift; sourceTree = "<group>"; };
		86B8A8FE1D0878DA00B6CF19 /* UserLicense.swift */ = {isa = PBXFileReference; fileEncoding = 4; lastKnownFileType = sourcecode.swift; path = UserLicense.swift; sourceTree = "<group>"; };
/* End PBXFileReference section */

/* Begin PBXFrameworksBuildPhase section */
		865F52271D0718400069A7FE /* Frameworks */ = {
			isa = PBXFrameworksBuildPhase;
			buildActionMask = 2147483647;
			files = (
				86A01A151D0AFC1E00D3C3FA /* CoreMedia.framework in Frameworks */,
				86A01A131D0AFC1600D3C3FA /* AudioToolbox.framework in Frameworks */,
				86A01A111D0AFC0D00D3C3FA /* AVFoundation.framework in Frameworks */,
				86A01A0F1D0AFC0300D3C3FA /* Accelerate.framework in Frameworks */,
				86A01A0D1D0AFBFA00D3C3FA /* libiconv.tbd in Frameworks */,
				86A01A0B1D0AFB5900D3C3FA /* libc++.tbd in Frameworks */,
				86A01A031D0A171500D3C3FA /* TrueIDMobileSDK.framework in Frameworks */,
				86A01A021D0A16D300D3C3FA /* TrueIDMobileSDK.framework in Frameworks */,
			);
			runOnlyForDeploymentPostprocessing = 0;
		};
		865F523B1D0718400069A7FE /* Frameworks */ = {
			isa = PBXFrameworksBuildPhase;
			buildActionMask = 2147483647;
			files = (
			);
			runOnlyForDeploymentPostprocessing = 0;
		};
/* End PBXFrameworksBuildPhase section */

/* Begin PBXGroup section */
		1BECEBF21D09C29800B80DF8 /* Resources */ = {
			isa = PBXGroup;
			children = (
				1BECEBF31D09C2D600B80DF8 /* Lato-Black.ttf */,
				1BECEBF41D09C2DD00B80DF8 /* Lato-BlackItalic.ttf */,
				1BECEBF51D09C2E200B80DF8 /* Lato-Bold.ttf */,
				1BECEBF61D09C2E800B80DF8 /* Lato-BoldItalic.ttf */,
				1BECEBF71D09C2EF00B80DF8 /* Lato-Hairline.ttf */,
				1BECEBF81D09C2F600B80DF8 /* Lato-HairlineItalic.ttf */,
				1BECEBF91D09C2FB00B80DF8 /* Lato-Italic.ttf */,
				1BECEBFA1D09C30000B80DF8 /* Lato-Light.ttf */,
				1BECEBFB1D09C30500B80DF8 /* Lato-LightItalic.ttf */,
				1BECEBFC1D09C30A00B80DF8 /* Lato-Regular.ttf */,
			);
			name = Resources;
			sourceTree = "<group>";
		};
		865F52211D0718400069A7FE = {
			isa = PBXGroup;
			children = (
				1B2AB36B1D0B4F6100F74BD5 /* TutorialPageViewController.swift */,
				1B2AB35F1D0AF5D800F74BD5 /* TabbedSecondViewController.swift */,
				1B2AB35D1D0AF5BC00F74BD5 /* FrontBackViewController.swift */,
				1BECEC0F1D09FA6F00B80DF8 /* TabbedViewController.swift */,
				1BECEC0D1D09FA4300B80DF8 /* ConfidenceLevelViewController.swift */,
				1BECEBF21D09C29800B80DF8 /* Resources */,
				865F522C1D0718400069A7FE /* LicenseAnalyser */,
				865F52411D0718400069A7FE /* LicenseAnalyserTests */,
				865F522B1D0718400069A7FE /* Products */,
			);
			sourceTree = "<group>";
		};
		865F522B1D0718400069A7FE /* Products */ = {
			isa = PBXGroup;
			children = (
				865F522A1D0718400069A7FE /* LicenseAnalyser.app */,
				865F523E1D0718400069A7FE /* LicenseAnalyserTests.xctest */,
			);
			name = Products;
			sourceTree = "<group>";
		};
		865F522C1D0718400069A7FE /* LicenseAnalyser */ = {
			isa = PBXGroup;
			children = (
				86A1563C1D09E5BA00D5FAF6 /* Controllers */,
				865F52501D0732C60069A7FE /* Frameworks */,
				865F524D1D071AA00069A7FE /* API */,
				86B8A8FD1D0878C500B6CF19 /* Model */,
				865F522D1D0718400069A7FE /* AppDelegate.swift */,
				865F522F1D0718400069A7FE /* ViewController.swift */,
				865F52311D0718400069A7FE /* Main.storyboard */,
				865F52341D0718400069A7FE /* Assets.xcassets */,
				865F52361D0718400069A7FE /* LaunchScreen.storyboard */,
				865F52391D0718400069A7FE /* Info.plist */,
				86A019FC1D0A137900D3C3FA /* LicenseAnalyser-Bridging-Header.h */,
			);
			path = LicenseAnalyser;
			sourceTree = "<group>";
		};
		865F52411D0718400069A7FE /* LicenseAnalyserTests */ = {
			isa = PBXGroup;
			children = (
				865F52421D0718400069A7FE /* LicenseAnalyserTests.swift */,
				865F52441D0718400069A7FE /* Info.plist */,
			);
			path = LicenseAnalyserTests;
			sourceTree = "<group>";
		};
		865F524D1D071AA00069A7FE /* API */ = {
			isa = PBXGroup;
			children = (
				865F524E1D0732760069A7FE /* SoapInterface.swift */,
				1BECEC071D09F3FB00B80DF8 /* CircularLoaderView.swift */,
			);
			name = API;
			sourceTree = "<group>";
		};
		865F52501D0732C60069A7FE /* Frameworks */ = {
			isa = PBXGroup;
			children = (
				86A01A0A1D0AFB5900D3C3FA /* libc++.tbd */,
				86A01A0C1D0AFBFA00D3C3FA /* libiconv.tbd */,
				86A01A0E1D0AFC0300D3C3FA /* Accelerate.framework */,
				86A01A101D0AFC0D00D3C3FA /* AVFoundation.framework */,
				86A01A121D0AFC1600D3C3FA /* AudioToolbox.framework */,
				86A01A141D0AFC1E00D3C3FA /* CoreMedia.framework */,
				86A01A011D0A16D300D3C3FA /* TrueIDMobileSDK.framework */,
			);
			name = Frameworks;
			sourceTree = "<group>";
		};
		86A1563C1D09E5BA00D5FAF6 /* Controllers */ = {
			isa = PBXGroup;
			children = (
				86A1563D1D09E5D800D5FAF6 /* PhotoDisplayController.swift */,
			);
			name = Controllers;
			sourceTree = "<group>";
		};
		86B8A8FD1D0878C500B6CF19 /* Model */ = {
			isa = PBXGroup;
			children = (
				86B8A8FE1D0878DA00B6CF19 /* UserLicense.swift */,
			);
			name = Model;
			sourceTree = "<group>";
		};
/* End PBXGroup section */

/* Begin PBXNativeTarget section */
		865F52291D0718400069A7FE /* LicenseAnalyser */ = {
			isa = PBXNativeTarget;
			buildConfigurationList = 865F52471D0718400069A7FE /* Build configuration list for PBXNativeTarget "LicenseAnalyser" */;
			buildPhases = (
				865F52261D0718400069A7FE /* Sources */,
				865F52271D0718400069A7FE /* Frameworks */,
				865F52281D0718400069A7FE /* Resources */,
				86A01A051D0A171500D3C3FA /* Embed Frameworks */,
			);
			buildRules = (
			);
			dependencies = (
			);
			name = LicenseAnalyser;
			productName = LicenseAnalyser;
			productReference = 865F522A1D0718400069A7FE /* LicenseAnalyser.app */;
			productType = "com.apple.product-type.application";
		};
		865F523D1D0718400069A7FE /* LicenseAnalyserTests */ = {
			isa = PBXNativeTarget;
			buildConfigurationList = 865F524A1D0718400069A7FE /* Build configuration list for PBXNativeTarget "LicenseAnalyserTests" */;
			buildPhases = (
				865F523A1D0718400069A7FE /* Sources */,
				865F523B1D0718400069A7FE /* Frameworks */,
				865F523C1D0718400069A7FE /* Resources */,
			);
			buildRules = (
			);
			dependencies = (
				865F52401D0718400069A7FE /* PBXTargetDependency */,
			);
			name = LicenseAnalyserTests;
			productName = LicenseAnalyserTests;
			productReference = 865F523E1D0718400069A7FE /* LicenseAnalyserTests.xctest */;
			productType = "com.apple.product-type.bundle.unit-test";
		};
/* End PBXNativeTarget section */

/* Begin PBXProject section */
		865F52221D0718400069A7FE /* Project object */ = {
			isa = PBXProject;
			attributes = {
				LastSwiftUpdateCheck = 0730;
				LastUpgradeCheck = 0730;
				ORGANIZATIONNAME = "Dylan Trachsel";
				TargetAttributes = {
					865F52291D0718400069A7FE = {
						CreatedOnToolsVersion = 7.3.1;
					};
					865F523D1D0718400069A7FE = {
						CreatedOnToolsVersion = 7.3.1;
						TestTargetID = 865F52291D0718400069A7FE;
					};
				};
			};
			buildConfigurationList = 865F52251D0718400069A7FE /* Build configuration list for PBXProject "LicenseAnalyser" */;
			compatibilityVersion = "Xcode 3.2";
			developmentRegion = English;
			hasScannedForEncodings = 0;
			knownRegions = (
				en,
				Base,
			);
			mainGroup = 865F52211D0718400069A7FE;
			productRefGroup = 865F522B1D0718400069A7FE /* Products */;
			projectDirPath = "";
			projectRoot = "";
			targets = (
				865F52291D0718400069A7FE /* LicenseAnalyser */,
				865F523D1D0718400069A7FE /* LicenseAnalyserTests */,
			);
		};
/* End PBXProject section */

/* Begin PBXResourcesBuildPhase section */
		865F52281D0718400069A7FE /* Resources */ = {
			isa = PBXResourcesBuildPhase;
			buildActionMask = 2147483647;
			files = (
				1BECEBFD1D09C37400B80DF8 /* Lato-Black.ttf in Resources */,
				1BECEBFE1D09C37400B80DF8 /* Lato-BlackItalic.ttf in Resources */,
				1BECEBFF1D09C37400B80DF8 /* Lato-Bold.ttf in Resources */,
				1BECEC001D09C37400B80DF8 /* Lato-BoldItalic.ttf in Resources */,
				1BECEC011D09C37400B80DF8 /* Lato-Hairline.ttf in Resources */,
				1BECEC021D09C37400B80DF8 /* Lato-HairlineItalic.ttf in Resources */,
				1BECEC031D09C37400B80DF8 /* Lato-Italic.ttf in Resources */,
				1BECEC041D09C37400B80DF8 /* Lato-Light.ttf in Resources */,
				1BECEC051D09C37400B80DF8 /* Lato-LightItalic.ttf in Resources */,
				1BECEC061D09C37400B80DF8 /* Lato-Regular.ttf in Resources */,
				865F52381D0718400069A7FE /* LaunchScreen.storyboard in Resources */,
				865F52351D0718400069A7FE /* Assets.xcassets in Resources */,
				865F52331D0718400069A7FE /* Main.storyboard in Resources */,
				1BECEBED1D0894D600B80DF8 /* MicroBlink.bundle in Resources */,
			);
			runOnlyForDeploymentPostprocessing = 0;
		};
		865F523C1D0718400069A7FE /* Resources */ = {
			isa = PBXResourcesBuildPhase;
			buildActionMask = 2147483647;
			files = (
			);
			runOnlyForDeploymentPostprocessing = 0;
		};
/* End PBXResourcesBuildPhase section */

/* Begin PBXSourcesBuildPhase section */
		865F52261D0718400069A7FE /* Sources */ = {
			isa = PBXSourcesBuildPhase;
			buildActionMask = 2147483647;
			files = (
				1B2AB3601D0AF5D800F74BD5 /* TabbedSecondViewController.swift in Sources */,
				865F52301D0718400069A7FE /* ViewController.swift in Sources */,
				865F524F1D0732760069A7FE /* SoapInterface.swift in Sources */,
				86B8A8FF1D0878DA00B6CF19 /* UserLicense.swift in Sources */,
				86A1563E1D09E5D800D5FAF6 /* PhotoDisplayController.swift in Sources */,
				1BECEC101D09FA6F00B80DF8 /* TabbedViewController.swift in Sources */,
				1BECEC081D09F3FB00B80DF8 /* CircularLoaderView.swift in Sources */,
				865F522E1D0718400069A7FE /* AppDelegate.swift in Sources */,
				1B2AB36C1D0B4F6100F74BD5 /* TutorialPageViewController.swift in Sources */,
				1B2AB35E1D0AF5BC00F74BD5 /* FrontBackViewController.swift in Sources */,
				1BECEC0E1D09FA4300B80DF8 /* ConfidenceLevelViewController.swift in Sources */,
			);
			runOnlyForDeploymentPostprocessing = 0;
		};
		865F523A1D0718400069A7FE /* Sources */ = {
			isa = PBXSourcesBuildPhase;
			buildActionMask = 2147483647;
			files = (
				865F52431D0718400069A7FE /* LicenseAnalyserTests.swift in Sources */,
			);
			runOnlyForDeploymentPostprocessing = 0;
		};
/* End PBXSourcesBuildPhase section */

/* Begin PBXTargetDependency section */
		865F52401D0718400069A7FE /* PBXTargetDependency */ = {
			isa = PBXTargetDependency;
			target = 865F52291D0718400069A7FE /* LicenseAnalyser */;
			targetProxy = 865F523F1D0718400069A7FE /* PBXContainerItemProxy */;
		};
/* End PBXTargetDependency section */

/* Begin PBXVariantGroup section */
		865F52311D0718400069A7FE /* Main.storyboard */ = {
			isa = PBXVariantGroup;
			children = (
				865F52321D0718400069A7FE /* Base */,
			);
			name = Main.storyboard;
			sourceTree = "<group>";
		};
		865F52361D0718400069A7FE /* LaunchScreen.storyboard */ = {
			isa = PBXVariantGroup;
			children = (
				865F52371D0718400069A7FE /* Base */,
			);
			name = LaunchScreen.storyboard;
			sourceTree = "<group>";
		};
/* End PBXVariantGroup section */

/* Begin XCBuildConfiguration section */
		865F52451D0718400069A7FE /* Debug */ = {
			isa = XCBuildConfiguration;
			buildSettings = {
				ALWAYS_SEARCH_USER_PATHS = NO;
				CLANG_ANALYZER_NONNULL = YES;
				CLANG_CXX_LANGUAGE_STANDARD = "gnu++0x";
				CLANG_CXX_LIBRARY = "libc++";
				CLANG_ENABLE_MODULES = YES;
				CLANG_ENABLE_OBJC_ARC = YES;
				CLANG_WARN_BOOL_CONVERSION = YES;
				CLANG_WARN_CONSTANT_CONVERSION = YES;
				CLANG_WARN_DIRECT_OBJC_ISA_USAGE = YES_ERROR;
				CLANG_WARN_EMPTY_BODY = YES;
				CLANG_WARN_ENUM_CONVERSION = YES;
				CLANG_WARN_INT_CONVERSION = YES;
				CLANG_WARN_OBJC_ROOT_CLASS = YES_ERROR;
				CLANG_WARN_UNREACHABLE_CODE = YES;
				CLANG_WARN__DUPLICATE_METHOD_MATCH = YES;
				"CODE_SIGN_IDENTITY[sdk=iphoneos*]" = "iPhone Developer";
				COPY_PHASE_STRIP = NO;
				DEBUG_INFORMATION_FORMAT = dwarf;
				ENABLE_STRICT_OBJC_MSGSEND = YES;
				ENABLE_TESTABILITY = YES;
				GCC_C_LANGUAGE_STANDARD = gnu99;
				GCC_DYNAMIC_NO_PIC = NO;
				GCC_NO_COMMON_BLOCKS = YES;
				GCC_OPTIMIZATION_LEVEL = 0;
				GCC_PREPROCESSOR_DEFINITIONS = (
					"DEBUG=1",
					"$(inherited)",
				);
				GCC_WARN_64_TO_32_BIT_CONVERSION = YES;
				GCC_WARN_ABOUT_RETURN_TYPE = YES_ERROR;
				GCC_WARN_UNDECLARED_SELECTOR = YES;
				GCC_WARN_UNINITIALIZED_AUTOS = YES_AGGRESSIVE;
				GCC_WARN_UNUSED_FUNCTION = YES;
				GCC_WARN_UNUSED_VARIABLE = YES;
				IPHONEOS_DEPLOYMENT_TARGET = 9.3;
				MTL_ENABLE_DEBUG_INFO = YES;
				ONLY_ACTIVE_ARCH = YES;
				SDKROOT = iphoneos;
				SWIFT_OPTIMIZATION_LEVEL = "-Onone";
				TARGETED_DEVICE_FAMILY = "1,2";
			};
			name = Debug;
		};
		865F52461D0718400069A7FE /* Release */ = {
			isa = XCBuildConfiguration;
			buildSettings = {
				ALWAYS_SEARCH_USER_PATHS = NO;
				CLANG_ANALYZER_NONNULL = YES;
				CLANG_CXX_LANGUAGE_STANDARD = "gnu++0x";
				CLANG_CXX_LIBRARY = "libc++";
				CLANG_ENABLE_MODULES = YES;
				CLANG_ENABLE_OBJC_ARC = YES;
				CLANG_WARN_BOOL_CONVERSION = YES;
				CLANG_WARN_CONSTANT_CONVERSION = YES;
				CLANG_WARN_DIRECT_OBJC_ISA_USAGE = YES_ERROR;
				CLANG_WARN_EMPTY_BODY = YES;
				CLANG_WARN_ENUM_CONVERSION = YES;
				CLANG_WARN_INT_CONVERSION = YES;
				CLANG_WARN_OBJC_ROOT_CLASS = YES_ERROR;
				CLANG_WARN_UNREACHABLE_CODE = YES;
				CLANG_WARN__DUPLICATE_METHOD_MATCH = YES;
				"CODE_SIGN_IDENTITY[sdk=iphoneos*]" = "iPhone Developer";
				COPY_PHASE_STRIP = NO;
				DEBUG_INFORMATION_FORMAT = "dwarf-with-dsym";
				ENABLE_NS_ASSERTIONS = NO;
				ENABLE_STRICT_OBJC_MSGSEND = YES;
				GCC_C_LANGUAGE_STANDARD = gnu99;
				GCC_NO_COMMON_BLOCKS = YES;
				GCC_WARN_64_TO_32_BIT_CONVERSION = YES;
				GCC_WARN_ABOUT_RETURN_TYPE = YES_ERROR;
				GCC_WARN_UNDECLARED_SELECTOR = YES;
				GCC_WARN_UNINITIALIZED_AUTOS = YES_AGGRESSIVE;
				GCC_WARN_UNUSED_FUNCTION = YES;
				GCC_WARN_UNUSED_VARIABLE = YES;
				IPHONEOS_DEPLOYMENT_TARGET = 9.3;
				MTL_ENABLE_DEBUG_INFO = NO;
				SDKROOT = iphoneos;
				TARGETED_DEVICE_FAMILY = "1,2";
				VALIDATE_PRODUCT = YES;
			};
			name = Release;
		};
		865F52481D0718400069A7FE /* Debug */ = {
			isa = XCBuildConfiguration;
			buildSettings = {
				ASSETCATALOG_COMPILER_APPICON_NAME = AppIcon;
				CLANG_CXX_LIBRARY = "libc++";
				CLANG_ENABLE_MODULES = YES;
				CODE_SIGN_IDENTITY = "iPhone Developer: Mehran Najafi (5C9NDSKQG2)";
				"CODE_SIGN_IDENTITY[sdk=iphoneos*]" = "iPhone Developer: Mehran Najafi (5C9NDSKQG2)";
				ENABLE_BITCODE = NO;
				FRAMEWORK_SEARCH_PATHS = (
					"$(inherited)",
					"$(PROJECT_DIR)/SOAPEngine",
					"$(PROJECT_DIR)/LicenseAnalyser",
					"$(PROJECT_DIR)/LicenseAnalyser/MicroBlink.bundle",
				);
				HEADER_SEARCH_PATHS = /usr/include/libxml2;
				INFOPLIST_FILE = LicenseAnalyser/Info.plist;
				LD_RUNPATH_SEARCH_PATHS = "$(inherited) @executable_path/Frameworks";
				LIBRARY_SEARCH_PATHS = (
					"$(inherited)",
					"$(PROJECT_DIR)/SOAPEngine/SOAPEngine64.framework",
				);
				OTHER_LDFLAGS = "-lxml2";
				PRODUCT_BUNDLE_IDENTIFIER = ibm.driverlicense.com;
				PRODUCT_NAME = "$(TARGET_NAME)";
				PROVISIONING_PROFILE = "c8c14e52-f3d7-4e1e-84f1-52f215ae7817";
				SWIFT_OBJC_BRIDGING_HEADER = "LicenseAnalyser/LicenseAnalyser-Bridging-Header.h";
				SWIFT_OPTIMIZATION_LEVEL = "-Onone";				TARGETED_DEVICE_FAMILY = 1;
			};
			name = Debug;
		};
		865F52491D0718400069A7FE /* Release */ = {
			isa = XCBuildConfiguration;
			buildSettings = {
				ASSETCATALOG_COMPILER_APPICON_NAME = AppIcon;
				CLANG_CXX_LIBRARY = "libc++";
				CLANG_ENABLE_MODULES = YES;
				CODE_SIGN_IDENTITY = "iPhone Developer: Mehran Najafi (5C9NDSKQG2)";
				ENABLE_BITCODE = NO;
				FRAMEWORK_SEARCH_PATHS = (
					"$(inherited)",
					"$(PROJECT_DIR)/SOAPEngine",
					"$(PROJECT_DIR)/LicenseAnalyser",
					"$(PROJECT_DIR)/LicenseAnalyser/MicroBlink.bundle",
				);
				HEADER_SEARCH_PATHS = /usr/include/libxml2;
				INFOPLIST_FILE = LicenseAnalyser/Info.plist;
				LD_RUNPATH_SEARCH_PATHS = "$(inherited) @executable_path/Frameworks";
				LIBRARY_SEARCH_PATHS = (
					"$(inherited)",
					"$(PROJECT_DIR)/SOAPEngine/SOAPEngine64.framework",
				);
				OTHER_LDFLAGS = "-lxml2";
				PRODUCT_BUNDLE_IDENTIFIER = ibm.driverlicense.com;
				PRODUCT_NAME = "$(TARGET_NAME)";
				PROVISIONING_PROFILE = "c8c14e52-f3d7-4e1e-84f1-52f215ae7817";
				SWIFT_OBJC_BRIDGING_HEADER = "LicenseAnalyser/LicenseAnalyser-Bridging-Header.h";
				TARGETED_DEVICE_FAMILY = 1;
			};
			name = Release;
		};
		865F524B1D0718400069A7FE /* Debug */ = {
			isa = XCBuildConfiguration;
			buildSettings = {
				BUNDLE_LOADER = "$(TEST_HOST)";
				INFOPLIST_FILE = LicenseAnalyserTests/Info.plist;
				LD_RUNPATH_SEARCH_PATHS = "$(inherited) @executable_path/Frameworks @loader_path/Frameworks";
				PRODUCT_BUNDLE_IDENTIFIER = com.example.LicenseAnalyserTests;
				PRODUCT_NAME = "$(TARGET_NAME)";
				TEST_HOST = "$(BUILT_PRODUCTS_DIR)/LicenseAnalyser.app/LicenseAnalyser";
			};
			name = Debug;
		};
		865F524C1D0718400069A7FE /* Release */ = {
			isa = XCBuildConfiguration;
			buildSettings = {
				BUNDLE_LOADER = "$(TEST_HOST)";
				INFOPLIST_FILE = LicenseAnalyserTests/Info.plist;
				LD_RUNPATH_SEARCH_PATHS = "$(inherited) @executable_path/Frameworks @loader_path/Frameworks";
				PRODUCT_BUNDLE_IDENTIFIER = com.example.LicenseAnalyserTests;
				PRODUCT_NAME = "$(TARGET_NAME)";
				TEST_HOST = "$(BUILT_PRODUCTS_DIR)/LicenseAnalyser.app/LicenseAnalyser";
			};
			name = Release;
		};
/* End XCBuildConfiguration section */

/* Begin XCConfigurationList section */
		865F52251D0718400069A7FE /* Build configuration list for PBXProject "LicenseAnalyser" */ = {
			isa = XCConfigurationList;
			buildConfigurations = (
				865F52451D0718400069A7FE /* Debug */,
				865F52461D0718400069A7FE /* Release */,
			);
			defaultConfigurationIsVisible = 0;
			defaultConfigurationName = Release;
		};
		865F52471D0718400069A7FE /* Build configuration list for PBXNativeTarget "LicenseAnalyser" */ = {
			isa = XCConfigurationList;
			buildConfigurations = (
				865F52481D0718400069A7FE /* Debug */,
				865F52491D0718400069A7FE /* Release */,
			);
			defaultConfigurationIsVisible = 0;
			defaultConfigurationName = Release;
		};
		865F524A1D0718400069A7FE /* Build configuration list for PBXNativeTarget "LicenseAnalyserTests" */ = {
			isa = XCConfigurationList;
			buildConfigurations = (
				865F524B1D0718400069A7FE /* Debug */,
				865F524C1D0718400069A7FE /* Release */,
			);
			defaultConfigurationIsVisible = 0;
			defaultConfigurationName = Release;
		};
/* End XCConfigurationList section */
	};
	rootObject = 865F52221D0718400069A7FE /* Project object */;
}
